github.com/DuckySoLucky/SkyCrypt-Types v0.1.1 h1:BeabWoT+zUEtUEoP2xkZZ1w1YNqJ+PoqlGNSXXcY694=
github.com/DuckySoLucky/SkyCrypt-Types v0.1.1/go.mod h1:5tR65bmeXxmxzcWoM+8zQeN/1sC0NuA7//mxW2UlI5k=
github.com/DuckySoLucky/SkyCrypt-Types v0.1.2 h1:xQKtXNlclgtGNYWj2EN62f3/IgLuQc6hcO7CiwYdM0M=
github.com/DuckySoLucky/SkyCrypt-Types v0.1.2/go.mod h1:5tR65bmeXxmxzcWoM+8zQeN/1sC0NuA7//mxW2UlI5k=
github.com/Tnze/go-mc v1.20.2 h1:arHCE/WxLCxY73C/4ZNLdOymRYtdwoXE05ohB7HVN6Q=
github.com/Tnze/go-mc v1.20.2/go.mod h1:geoRj2HsXSkB3FJBuhr7wCzXegRlzWsVXd7h7jiJ6aQ=
